
Microsoft Visual Studio Solution File, Format Version 12.00
# Visual Studio Version 17
VisualStudioVersion = 17.13.36105.23 d17.13
MinimumVisualStudioVersion = 10.0.40219.1
Project("{FAE04EC0-301F-11D3-BF4B-00C04F79EFBC}") = "AyoChat.Api", "AyoChat.Api\AyoChat.Api.csproj", "{A5A77EE0-3710-45FC-A903-CEDEEFC4C142}"
EndProject
Global
	GlobalSection(SolutionConfigurationPlatforms) = preSolution
		Debug|Any CPU = Debug|Any CPU
		Release|Any CPU = Release|Any CPU
	EndGlobalSection
	GlobalSection(ProjectConfigurationPlatforms) = postSolution
		{A5A77EE0-3710-45FC-A903-CEDEEFC4C142}.Debug|Any CPU.ActiveCfg = Debug|Any CPU
		{A5A77EE0-3710-45FC-A903-CEDEEFC4C142}.Debug|Any CPU.Build.0 = Debug|Any CPU
		{A5A77EE0-3710-45FC-A903-CEDEEFC4C142}.Release|Any CPU.ActiveCfg = Release|Any CPU
		{A5A77EE0-3710-45FC-A903-CEDEEFC4C142}.Release|Any CPU.Build.0 = Release|Any CPU
	EndGlobalSection
	GlobalSection(SolutionProperties) = preSolution
		HideSolutionNode = FALSE
	EndGlobalSection
	GlobalSection(ExtensibilityGlobals) = postSolution
		SolutionGuid = {8D90EC5D-D45F-44E6-8364-F46425E45BFB}
	EndGlobalSection
EndGlobal
